// !$*UTF8*$!
{
	archiveVersion = 1;
	classes = {
	};
	objectVersion = 56;
	objects = {

/* Begin PBXBuildFile section */
		CE2B558A2B8675CA00378167 /* TechincalAssmeentApp.swift in Sources */ = {isa = PBXBuildFile; fileRef = CE2B55892B8675CA00378167 /* TechincalAssmeentApp.swift */; };
		CE2B558E2B8675CC00378167 /* Assets.xcassets in Resources */ = {isa = PBXBuildFile; fileRef = CE2B558D2B8675CC00378167 /* Assets.xcassets */; };
		CE2B55912B8675CC00378167 /* Preview Assets.xcassets in Resources */ = {isa = PBXBuildFile; fileRef = CE2B55902B8675CC00378167 /* Preview Assets.xcassets */; };
		CE2B55962B8675CC00378167 /* TechincalAssmeent.xcdatamodeld in Sources */ = {isa = PBXBuildFile; fileRef = CE2B55942B8675CC00378167 /* TechincalAssmeent.xcdatamodeld */; };
		CE2B559F2B86763600378167 /* LoginView.swift in Sources */ = {isa = PBXBuildFile; fileRef = CE2B559E2B86763600378167 /* LoginView.swift */; };
		CE2B55A22B86766500378167 /* Color+TechincalAssmement.swift in Sources */ = {isa = PBXBuildFile; fileRef = CE2B55A12B86766500378167 /* Color+TechincalAssmement.swift */; };
		CE2B55A82B86783C00378167 /* KeychainManager.swift in Sources */ = {isa = PBXBuildFile; fileRef = CE2B55A72B86783C00378167 /* KeychainManager.swift */; };
		CE2B55AA2B86785C00378167 /* KeychainItem.swift in Sources */ = {isa = PBXBuildFile; fileRef = CE2B55A92B86785C00378167 /* KeychainItem.swift */; };
		CE2B55AE2B8679B800378167 /* HomeView.swift in Sources */ = {isa = PBXBuildFile; fileRef = CE2B55AD2B8679B800378167 /* HomeView.swift */; };
		CE2B55B12B867A4200378167 /* UseCredentials.swift in Sources */ = {isa = PBXBuildFile; fileRef = CE2B55B02B867A4200378167 /* UseCredentials.swift */; };
		CE2B55B42B867BDE00378167 /* Constant.swift in Sources */ = {isa = PBXBuildFile; fileRef = CE2B55B32B867BDE00378167 /* Constant.swift */; };
		CE2B55B62B867C3400378167 /* NetworkError.swift in Sources */ = {isa = PBXBuildFile; fileRef = CE2B55B52B867C3400378167 /* NetworkError.swift */; };
		CE2B55B82B867C4700378167 /* EndPoint.swift in Sources */ = {isa = PBXBuildFile; fileRef = CE2B55B72B867C4700378167 /* EndPoint.swift */; };
		CE2B55BA2B867C6000378167 /* APIClientManager.swift in Sources */ = {isa = PBXBuildFile; fileRef = CE2B55B92B867C6000378167 /* APIClientManager.swift */; };
		CE2B55BD2B867CB400378167 /* UserListModel.swift in Sources */ = {isa = PBXBuildFile; fileRef = CE2B55BC2B867CB400378167 /* UserListModel.swift */; };
		CE2B55C02B867CD900378167 /* CoreDataManager.swift in Sources */ = {isa = PBXBuildFile; fileRef = CE2B55BF2B867CD900378167 /* CoreDataManager.swift */; };
		CE2B55C32B867D5D00378167 /* ManagedUser.swift in Sources */ = {isa = PBXBuildFile; fileRef = CE2B55C22B867D5D00378167 /* ManagedUser.swift */; };
		CE2B55C52B867E6700378167 /* UserListView.swift in Sources */ = {isa = PBXBuildFile; fileRef = CE2B55C42B867E6700378167 /* UserListView.swift */; };
		CE2B55C72B867E8500378167 /* UserListViewModel.swift in Sources */ = {isa = PBXBuildFile; fileRef = CE2B55C62B867E8500378167 /* UserListViewModel.swift */; };
		CEA343D02B86843C00CEDD80 /* WebSocketViewModel.swift in Sources */ = {isa = PBXBuildFile; fileRef = CEA343CF2B86843C00CEDD80 /* WebSocketViewModel.swift */; };
		CEA343D52B86849B00CEDD80 /* MessageView.swift in Sources */ = {isa = PBXBuildFile; fileRef = CEA343D42B86849B00CEDD80 /* MessageView.swift */; };
		CEA343D72B868BF000CEDD80 /* String+TechincalAssment.swift in Sources */ = {isa = PBXBuildFile; fileRef = CEA343D62B868BF000CEDD80 /* String+TechincalAssment.swift */; };
		CEA343DD2B878F7900CEDD80 /* LoginViewModel.swift in Sources */ = {isa = PBXBuildFile; fileRef = CEA343DC2B878F7900CEDD80 /* LoginViewModel.swift */; };
/* End PBXBuildFile section */

/* Begin PBXFileReference section */
		CE2B55862B8675CA00378167 /* TechincalAssmeent.app */ = {isa = PBXFileReference; explicitFileType = wrapper.application; includeInIndex = 0; path = TechincalAssmeent.app; sourceTree = BUILT_PRODUCTS_DIR; };
		CE2B55892B8675CA00378167 /* TechincalAssmeentApp.swift */ = {isa = PBXFileReference; lastKnownFileType = sourcecode.swift; path = TechincalAssmeentApp.swift; sourceTree = "<group>"; };
		CE2B558D2B8675CC00378167 /* Assets.xcassets */ = {isa = PBXFileReference; lastKnownFileType = folder.assetcatalog; path = Assets.xcassets; sourceTree = "<group>"; };
		CE2B55902B8675CC00378167 /* Preview Assets.xcassets */ = {isa = PBXFileReference; lastKnownFileType = folder.assetcatalog; path = "Preview Assets.xcassets"; sourceTree = "<group>"; };
		CE2B55952B8675CC00378167 /* TechincalAssmeent.xcdatamodel */ = {isa = PBXFileReference; lastKnownFileType = wrapper.xcdatamodel; path = TechincalAssmeent.xcdatamodel; sourceTree = "<group>"; };
		CE2B559E2B86763600378167 /* LoginView.swift */ = {isa = PBXFileReference; lastKnownFileType = sourcecode.swift; path = LoginView.swift; sourceTree = "<group>"; };
		CE2B55A12B86766500378167 /* Color+TechincalAssmement.swift */ = {isa = PBXFileReference; lastKnownFileType = sourcecode.swift; path = "Color+TechincalAssmement.swift"; sourceTree = "<group>"; };
		CE2B55A72B86783C00378167 /* KeychainManager.swift */ = {isa = PBXFileReference; lastKnownFileType = sourcecode.swift; path = KeychainManager.swift; sourceTree = "<group>"; };
		CE2B55A92B86785C00378167 /* KeychainItem.swift */ = {isa = PBXFileReference; lastKnownFileType = sourcecode.swift; path = KeychainItem.swift; sourceTree = "<group>"; };
		CE2B55AD2B8679B800378167 /* HomeView.swift */ = {isa = PBXFileReference; lastKnownFileType = sourcecode.swift; path = HomeView.swift; sourceTree = "<group>"; };
		CE2B55B02B867A4200378167 /* UseCredentials.swift */ = {isa = PBXFileReference; lastKnownFileType = sourcecode.swift; path = UseCredentials.swift; sourceTree = "<group>"; };
		CE2B55B32B867BDE00378167 /* Constant.swift */ = {isa = PBXFileReference; lastKnownFileType = sourcecode.swift; path = Constant.swift; sourceTree = "<group>"; };
		CE2B55B52B867C3400378167 /* NetworkError.swift */ = {isa = PBXFileReference; lastKnownFileType = sourcecode.swift; path = NetworkError.swift; sourceTree = "<group>"; };
		CE2B55B72B867C4700378167 /* EndPoint.swift */ = {isa = PBXFileReference; lastKnownFileType = sourcecode.swift; path = EndPoint.swift; sourceTree = "<group>"; };
		CE2B55B92B867C6000378167 /* APIClientManager.swift */ = {isa = PBXFileReference; lastKnownFileType = sourcecode.swift; path = APIClientManager.swift; sourceTree = "<group>"; };
		CE2B55BC2B867CB400378167 /* UserListModel.swift */ = {isa = PBXFileReference; lastKnownFileType = sourcecode.swift; path = UserListModel.swift; sourceTree = "<group>"; };
		CE2B55BF2B867CD900378167 /* CoreDataManager.swift */ = {isa = PBXFileReference; lastKnownFileType = sourcecode.swift; path = CoreDataManager.swift; sourceTree = "<group>"; };
		CE2B55C22B867D5D00378167 /* ManagedUser.swift */ = {isa = PBXFileReference; lastKnownFileType = sourcecode.swift; path = ManagedUser.swift; sourceTree = "<group>"; };
		CE2B55C42B867E6700378167 /* UserListView.swift */ = {isa = PBXFileReference; lastKnownFileType = sourcecode.swift; path = UserListView.swift; sourceTree = "<group>"; };
		CE2B55C62B867E8500378167 /* UserListViewModel.swift */ = {isa = PBXFileReference; lastKnownFileType = sourcecode.swift; path = UserListViewModel.swift; sourceTree = "<group>"; };
		CEA343CF2B86843C00CEDD80 /* WebSocketViewModel.swift */ = {isa = PBXFileReference; lastKnownFileType = sourcecode.swift; path = WebSocketViewModel.swift; sourceTree = "<group>"; };
		CEA343D42B86849B00CEDD80 /* MessageView.swift */ = {isa = PBXFileReference; lastKnownFileType = sourcecode.swift; path = MessageView.swift; sourceTree = "<group>"; };
		CEA343D62B868BF000CEDD80 /* String+TechincalAssment.swift */ = {isa = PBXFileReference; lastKnownFileType = sourcecode.swift; path = "String+TechincalAssment.swift"; sourceTree = "<group>"; };
		CEA343DC2B878F7900CEDD80 /* LoginViewModel.swift */ = {isa = PBXFileReference; lastKnownFileType = sourcecode.swift; path = LoginViewModel.swift; sourceTree = "<group>"; };
/* End PBXFileReference section */

/* Begin PBXFrameworksBuildPhase section */
		CE2B55832B8675CA00378167 /* Frameworks */ = {
			isa = PBXFrameworksBuildPhase;
			buildActionMask = 2147483647;
			files = (
			);
			runOnlyForDeploymentPostprocessing = 0;
		};
/* End PBXFrameworksBuildPhase section */

/* Begin PBXGroup section */
		CE2B557D2B8675CA00378167 = {
			isa = PBXGroup;
			children = (
				CE2B55882B8675CA00378167 /* TechincalAssmeent */,
				CE2B55872B8675CA00378167 /* Products */,
			);
			sourceTree = "<group>";
		};
		CE2B55872B8675CA00378167 /* Products */ = {
			isa = PBXGroup;
			children = (
				CE2B55862B8675CA00378167 /* TechincalAssmeent.app */,
			);
			name = Products;
			sourceTree = "<group>";
		};
		CE2B55882B8675CA00378167 /* TechincalAssmeent */ = {
			isa = PBXGroup;
			children = (
				CE2B559D2B86760C00378167 /* Resources */,
				CE2B55BE2B867CCB00378167 /* Data Layer */,
				CE2B55B22B867BA900378167 /* Network Layer */,
				CE2B55AF2B867A1900378167 /* Helpers */,
				CE2B55A62B86782600378167 /* Security Layer */,
				CE2B559C2B8675FB00378167 /* Module */,
				CE2B55A02B86764B00378167 /* Extensions */,
				CE2B55942B8675CC00378167 /* TechincalAssmeent.xcdatamodeld */,
				CE2B558F2B8675CC00378167 /* Preview Content */,
			);
			path = TechincalAssmeent;
			sourceTree = "<group>";
		};
		CE2B558F2B8675CC00378167 /* Preview Content */ = {
			isa = PBXGroup;
			children = (
				CE2B55902B8675CC00378167 /* Preview Assets.xcassets */,
			);
			path = "Preview Content";
			sourceTree = "<group>";
		};
		CE2B559C2B8675FB00378167 /* Module */ = {
			isa = PBXGroup;
			children = (
				CEA343CE2B8683C000CEDD80 /* Model */,
				CEA343CD2B8683B700CEDD80 /* View */,
				CEA343CC2B8683AD00CEDD80 /* ViewModel */,
			);
			path = Module;
			sourceTree = "<group>";
		};
		CE2B559D2B86760C00378167 /* Resources */ = {
			isa = PBXGroup;
			children = (
				CE2B55B32B867BDE00378167 /* Constant.swift */,
				CE2B55892B8675CA00378167 /* TechincalAssmeentApp.swift */,
				CE2B558D2B8675CC00378167 /* Assets.xcassets */,
			);
			path = Resources;
			sourceTree = "<group>";
		};
		CE2B55A02B86764B00378167 /* Extensions */ = {
			isa = PBXGroup;
			children = (
				CE2B55A12B86766500378167 /* Color+TechincalAssmement.swift */,
				CEA343D62B868BF000CEDD80 /* String+TechincalAssment.swift */,
			);
			path = Extensions;
			sourceTree = "<group>";
		};
		CE2B55A62B86782600378167 /* Security Layer */ = {
			isa = PBXGroup;
			children = (
				CE2B55A72B86783C00378167 /* KeychainManager.swift */,
				CE2B55A92B86785C00378167 /* KeychainItem.swift */,
			);
			path = "Security Layer";
			sourceTree = "<group>";
		};
		CE2B55AF2B867A1900378167 /* Helpers */ = {
			isa = PBXGroup;
			children = (
				CE2B55B02B867A4200378167 /* UseCredentials.swift */,
			);
			path = Helpers;
			sourceTree = "<group>";
		};
		CE2B55B22B867BA900378167 /* Network Layer */ = {
			isa = PBXGroup;
			children = (
				CE2B55B52B867C3400378167 /* NetworkError.swift */,
				CE2B55B72B867C4700378167 /* EndPoint.swift */,
				CE2B55B92B867C6000378167 /* APIClientManager.swift */,
			);
			path = "Network Layer";
			sourceTree = "<group>";
		};
		CE2B55BE2B867CCB00378167 /* Data Layer */ = {
			isa = PBXGroup;
			children = (
				CE2B55C12B867D3900378167 /* Managed Object */,
				CE2B55BF2B867CD900378167 /* CoreDataManager.swift */,
			);
			path = "Data Layer";
			sourceTree = "<group>";
		};
		CE2B55C12B867D3900378167 /* Managed Object */ = {
			isa = PBXGroup;
			children = (
				CE2B55C22B867D5D00378167 /* ManagedUser.swift */,
			);
			path = "Managed Object";
			sourceTree = "<group>";
		};
		CEA343CC2B8683AD00CEDD80 /* ViewModel */ = {
			isa = PBXGroup;
			children = (
				CEA343CF2B86843C00CEDD80 /* WebSocketViewModel.swift */,
				CEA343DC2B878F7900CEDD80 /* LoginViewModel.swift */,
				CE2B55C62B867E8500378167 /* UserListViewModel.swift */,
			);
			path = ViewModel;
			sourceTree = "<group>";
		};
		CEA343CD2B8683B700CEDD80 /* View */ = {
			isa = PBXGroup;
			children = (
				CEA343D32B86849300CEDD80 /* Sub views */,
				CE2B55C42B867E6700378167 /* UserListView.swift */,
				CE2B55AD2B8679B800378167 /* HomeView.swift */,
				CE2B559E2B86763600378167 /* LoginView.swift */,
			);
			path = View;
			sourceTree = "<group>";
		};
		CEA343CE2B8683C000CEDD80 /* Model */ = {
			isa = PBXGroup;
			children = (
				CE2B55BC2B867CB400378167 /* UserListModel.swift */,
			);
			path = Model;
			sourceTree = "<group>";
		};
		CEA343D32B86849300CEDD80 /* Sub views */ = {
			isa = PBXGroup;
			children = (
				CEA343D42B86849B00CEDD80 /* MessageView.swift */,
			);
			path = "Sub views";
			sourceTree = "<group>";
		};
/* End PBXGroup section */

/* Begin PBXNativeTarget section */
		CE2B55852B8675CA00378167 /* TechincalAssmeent */ = {
			isa = PBXNativeTarget;
			buildConfigurationList = CE2B55992B8675CC00378167 /* Build configuration list for PBXNativeTarget "TechincalAssmeent" */;
			buildPhases = (
				CE2B55822B8675CA00378167 /* Sources */,
				CE2B55832B8675CA00378167 /* Frameworks */,
				CE2B55842B8675CA00378167 /* Resources */,
			);
			buildRules = (
			);
			dependencies = (
			);
			name = TechincalAssmeent;
			productName = TechincalAssmeent;
			productReference = CE2B55862B8675CA00378167 /* TechincalAssmeent.app */;
			productType = "com.apple.product-type.application";
		};
/* End PBXNativeTarget section */

/* Begin PBXProject section */
		CE2B557E2B8675CA00378167 /* Project object */ = {
			isa = PBXProject;
			attributes = {
				BuildIndependentTargetsInParallel = 1;
				LastSwiftUpdateCheck = 1500;
				LastUpgradeCheck = 1500;
				TargetAttributes = {
					CE2B55852B8675CA00378167 = {
						CreatedOnToolsVersion = 15.0;
					};
				};
			};
			buildConfigurationList = CE2B55812B8675CA00378167 /* Build configuration list for PBXProject "TechincalAssmeent" */;
			compatibilityVersion = "Xcode 14.0";
			developmentRegion = en;
			hasScannedForEncodings = 0;
			knownRegions = (
				en,
				Base,
			);
			mainGroup = CE2B557D2B8675CA00378167;
			productRefGroup = CE2B55872B8675CA00378167 /* Products */;
			projectDirPath = "";
			projectRoot = "";
			targets = (
				CE2B55852B8675CA00378167 /* TechincalAssmeent */,
			);
		};
/* End PBXProject section */

/* Begin PBXResourcesBuildPhase section */
		CE2B55842B8675CA00378167 /* Resources */ = {
			isa = PBXResourcesBuildPhase;
			buildActionMask = 2147483647;
			files = (
				CE2B55912B8675CC00378167 /* Preview Assets.xcassets in Resources */,
				CE2B558E2B8675CC00378167 /* Assets.xcassets in Resources */,
			);
			runOnlyForDeploymentPostprocessing = 0;
		};
/* End PBXResourcesBuildPhase section */

/* Begin PBXSourcesBuildPhase section */
		CE2B55822B8675CA00378167 /* Sources */ = {
			isa = PBXSourcesBuildPhase;
			buildActionMask = 2147483647;
			files = (
				CEA343D72B868BF000CEDD80 /* String+TechincalAssment.swift in Sources */,
				CEA343D02B86843C00CEDD80 /* WebSocketViewModel.swift in Sources */,
				CE2B55BA2B867C6000378167 /* APIClientManager.swift in Sources */,
				CE2B55AA2B86785C00378167 /* KeychainItem.swift in Sources */,
				CE2B55C02B867CD900378167 /* CoreDataManager.swift in Sources */,
				CEA343D52B86849B00CEDD80 /* MessageView.swift in Sources */,
				CE2B55C52B867E6700378167 /* UserListView.swift in Sources */,
				CE2B55A82B86783C00378167 /* KeychainManager.swift in Sources */,
				CE2B55C32B867D5D00378167 /* ManagedUser.swift in Sources */,
				CE2B55C72B867E8500378167 /* UserListViewModel.swift in Sources */,
				CE2B55B12B867A4200378167 /* UseCredentials.swift in Sources */,
				CE2B55962B8675CC00378167 /* TechincalAssmeent.xcdatamodeld in Sources */,
				CE2B559F2B86763600378167 /* LoginView.swift in Sources */,
				CE2B55B82B867C4700378167 /* EndPoint.swift in Sources */,
				CE2B55BD2B867CB400378167 /* UserListModel.swift in Sources */,
				CE2B55AE2B8679B800378167 /* HomeView.swift in Sources */,
				CE2B55A22B86766500378167 /* Color+TechincalAssmement.swift in Sources */,
				CE2B55B42B867BDE00378167 /* Constant.swift in Sources */,
				CE2B55B62B867C3400378167 /* NetworkError.swift in Sources */,
				CE2B558A2B8675CA00378167 /* TechincalAssmeentApp.swift in Sources */,
				CEA343DD2B878F7900CEDD80 /* LoginViewModel.swift in Sources */,
			);
			runOnlyForDeploymentPostprocessing = 0;
		};
/* End PBXSourcesBuildPhase section */

/* Begin XCBuildConfiguration section */
		CE2B55972B8675CC00378167 /* Debug */ = {
			isa = XCBuildConfiguration;
			buildSettings = {
				ALWAYS_SEARCH_USER_PATHS = NO;
				ASSETCATALOG_COMPILER_GENERATE_SWIFT_ASSET_SYMBOL_EXTENSIONS = YES;
				CLANG_ANALYZER_NONNULL = YES;
				CLANG_ANALYZER_NUMBER_OBJECT_CONVERSION = YES_AGGRESSIVE;
				CLANG_CXX_LANGUAGE_STANDARD = "gnu++20";
				CLANG_ENABLE_MODULES = YES;
				CLANG_ENABLE_OBJC_ARC = YES;
				CLANG_ENABLE_OBJC_WEAK = YES;
				CLANG_WARN_BLOCK_CAPTURE_AUTORELEASING = YES;
				CLANG_WARN_BOOL_CONVERSION = YES;
				CLANG_WARN_COMMA = YES;
				CLANG_WARN_CONSTANT_CONVERSION = YES;
				CLANG_WARN_DEPRECATED_OBJC_IMPLEMENTATIONS = YES;
				CLANG_WARN_DIRECT_OBJC_ISA_USAGE = YES_ERROR;
				CLANG_WARN_DOCUMENTATION_COMMENTS = YES;
				CLANG_WARN_EMPTY_BODY = YES;
				CLANG_WARN_ENUM_CONVERSION = YES;
				CLANG_WARN_INFINITE_RECURSION = YES;
				CLANG_WARN_INT_CONVERSION = YES;
				CLANG_WARN_NON_LITERAL_NULL_CONVERSION = YES;
				CLANG_WARN_OBJC_IMPLICIT_RETAIN_SELF = YES;
				CLANG_WARN_OBJC_LITERAL_CONVERSION = YES;
				CLANG_WARN_OBJC_ROOT_CLASS = YES_ERROR;
				CLANG_WARN_QUOTED_INCLUDE_IN_FRAMEWORK_HEADER = YES;
				CLANG_WARN_RANGE_LOOP_ANALYSIS = YES;
				CLANG_WARN_STRICT_PROTOTYPES = YES;
				CLANG_WARN_SUSPICIOUS_MOVE = YES;
				CLANG_WARN_UNGUARDED_AVAILABILITY = YES_AGGRESSIVE;
				CLANG_WARN_UNREACHABLE_CODE = YES;
				CLANG_WARN__DUPLICATE_METHOD_MATCH = YES;
				COPY_PHASE_STRIP = NO;
				DEBUG_INFORMATION_FORMAT = dwarf;
				ENABLE_STRICT_OBJC_MSGSEND = YES;
				ENABLE_TESTABILITY = YES;
				ENABLE_USER_SCRIPT_SANDBOXING = YES;
				GCC_C_LANGUAGE_STANDARD = gnu17;
				GCC_DYNAMIC_NO_PIC = NO;
				GCC_NO_COMMON_BLOCKS = YES;
				GCC_OPTIMIZATION_LEVEL = 0;
				GCC_PREPROCESSOR_DEFINITIONS = (
					"DEBUG=1",
					"$(inherited)",
				);
				GCC_WARN_64_TO_32_BIT_CONVERSION = YES;
				GCC_WARN_ABOUT_RETURN_TYPE = YES_ERROR;
				GCC_WARN_UNDECLARED_SELECTOR = YES;
				GCC_WARN_UNINITIALIZED_AUTOS = YES_AGGRESSIVE;
				GCC_WARN_UNUSED_FUNCTION = YES;
				GCC_WARN_UNUSED_VARIABLE = YES;
				IPHONEOS_DEPLOYMENT_TARGET = 17.0;
				LOCALIZATION_PREFERS_STRING_CATALOGS = YES;
				MTL_ENABLE_DEBUG_INFO = INCLUDE_SOURCE;
				MTL_FAST_MATH = YES;
				ONLY_ACTIVE_ARCH = YES;
				SDKROOT = iphoneos;
				SWIFT_ACTIVE_COMPILATION_CONDITIONS = "DEBUG $(inherited)";
				SWIFT_OPTIMIZATION_LEVEL = "-Onone";
			};
			name = Debug;
		};
		CE2B55982B8675CC00378167 /* Release */ = {
			isa = XCBuildConfiguration;
			buildSettings = {
				ALWAYS_SEARCH_USER_PATHS = NO;
				ASSETCATALOG_COMPILER_GENERATE_SWIFT_ASSET_SYMBOL_EXTENSIONS = YES;
				CLANG_ANALYZER_NONNULL = YES;
				CLANG_ANALYZER_NUMBER_OBJECT_CONVERSION = YES_AGGRESSIVE;
				CLANG_CXX_LANGUAGE_STANDARD = "gnu++20";
				CLANG_ENABLE_MODULES = YES;
				CLANG_ENABLE_OBJC_ARC = YES;
				CLANG_ENABLE_OBJC_WEAK = YES;
				CLANG_WARN_BLOCK_CAPTURE_AUTORELEASING = YES;
				CLANG_WARN_BOOL_CONVERSION = YES;
				CLANG_WARN_COMMA = YES;
				CLANG_WARN_CONSTANT_CONVERSION = YES;
				CLANG_WARN_DEPRECATED_OBJC_IMPLEMENTATIONS = YES;
				CLANG_WARN_DIRECT_OBJC_ISA_USAGE = YES_ERROR;
				CLANG_WARN_DOCUMENTATION_COMMENTS = YES;
				CLANG_WARN_EMPTY_BODY = YES;
				CLANG_WARN_ENUM_CONVERSION = YES;
				CLANG_WARN_INFINITE_RECURSION = YES;
				CLANG_WARN_INT_CONVERSION = YES;
				CLANG_WARN_NON_LITERAL_NULL_CONVERSION = YES;
				CLANG_WARN_OBJC_IMPLICIT_RETAIN_SELF = YES;
				CLANG_WARN_OBJC_LITERAL_CONVERSION = YES;
				CLANG_WARN_OBJC_ROOT_CLASS = YES_ERROR;
				CLANG_WARN_QUOTED_INCLUDE_IN_FRAMEWORK_HEADER = YES;
				CLANG_WARN_RANGE_LOOP_ANALYSIS = YES;
				CLANG_WARN_STRICT_PROTOTYPES = YES;
				CLANG_WARN_SUSPICIOUS_MOVE = YES;
				CLANG_WARN_UNGUARDED_AVAILABILITY = YES_AGGRESSIVE;
				CLANG_WARN_UNREACHABLE_CODE = YES;
				CLANG_WARN__DUPLICATE_METHOD_MATCH = YES;
				COPY_PHASE_STRIP = NO;
				DEBUG_INFORMATION_FORMAT = "dwarf-with-dsym";
				ENABLE_NS_ASSERTIONS = NO;
				ENABLE_STRICT_OBJC_MSGSEND = YES;
				ENABLE_USER_SCRIPT_SANDBOXING = YES;
				GCC_C_LANGUAGE_STANDARD = gnu17;
				GCC_NO_COMMON_BLOCKS = YES;
				GCC_WARN_64_TO_32_BIT_CONVERSION = YES;
				GCC_WARN_ABOUT_RETURN_TYPE = YES_ERROR;
				GCC_WARN_UNDECLARED_SELECTOR = YES;
				GCC_WARN_UNINITIALIZED_AUTOS = YES_AGGRESSIVE;
				GCC_WARN_UNUSED_FUNCTION = YES;
				GCC_WARN_UNUSED_VARIABLE = YES;
				IPHONEOS_DEPLOYMENT_TARGET = 17.0;
				LOCALIZATION_PREFERS_STRING_CATALOGS = YES;
				MTL_ENABLE_DEBUG_INFO = NO;
				MTL_FAST_MATH = YES;
				SDKROOT = iphoneos;
				SWIFT_COMPILATION_MODE = wholemodule;
				VALIDATE_PRODUCT = YES;
			};
			name = Release;
		};
		CE2B559A2B8675CC00378167 /* Debug */ = {
			isa = XCBuildConfiguration;
			buildSettings = {
				ASSETCATALOG_COMPILER_APPICON_NAME = AppIcon;
				ASSETCATALOG_COMPILER_GLOBAL_ACCENT_COLOR_NAME = AccentColor;
				CODE_SIGN_STYLE = Automatic;
				CURRENT_PROJECT_VERSION = 1;
				DEVELOPMENT_ASSET_PATHS = "\"TechincalAssmeent/Preview Content\"";
				DEVELOPMENT_TEAM = J3K9GM43VT;
				ENABLE_PREVIEWS = YES;
				GENERATE_INFOPLIST_FILE = YES;
				INFOPLIST_KEY_UIApplicationSceneManifest_Generation = YES;
				INFOPLIST_KEY_UIApplicationSupportsIndirectInputEvents = YES;
				INFOPLIST_KEY_UILaunchScreen_Generation = YES;
				INFOPLIST_KEY_UISupportedInterfaceOrientations_iPad = "UIInterfaceOrientationPortrait UIInterfaceOrientationPortraitUpsideDown UIInterfaceOrientationLandscapeLeft UIInterfaceOrientationLandscapeRight";
				INFOPLIST_KEY_UISupportedInterfaceOrientations_iPhone = "UIInterfaceOrientationPortrait UIInterfaceOrientationLandscapeLeft UIInterfaceOrientationLandscapeRight";
				LD_RUNPATH_SEARCH_PATHS = (
					"$(inherited)",
					"@executable_path/Frameworks",
				);
				MARKETING_VERSION = 1.0;
				PRODUCT_BUNDLE_IDENTIFIER = com.lama.TechincalAssmeent;
				PRODUCT_NAME = "$(TARGET_NAME)";
				SWIFT_EMIT_LOC_STRINGS = YES;
				SWIFT_VERSION = 5.0;
				TARGETED_DEVICE_FAMILY = "1,2";
			};
			name = Debug;
		};
		CE2B559B2B8675CC00378167 /* Release */ = {
			isa = XCBuildConfiguration;
			buildSettings = {
				ASSETCATALOG_COMPILER_APPICON_NAME = AppIcon;
				ASSETCATALOG_COMPILER_GLOBAL_ACCENT_COLOR_NAME = AccentColor;
				CODE_SIGN_STYLE = Automatic;
				CURRENT_PROJECT_VERSION = 1;
				DEVELOPMENT_ASSET_PATHS = "\"TechincalAssmeent/Preview Content\"";
				DEVELOPMENT_TEAM = J3K9GM43VT;
				ENABLE_PREVIEWS = YES;
				GENERATE_INFOPLIST_FILE = YES;
				INFOPLIST_KEY_UIApplicationSceneManifest_Generation = YES;
				INFOPLIST_KEY_UIApplicationSupportsIndirectInputEvents = YES;
				INFOPLIST_KEY_UILaunchScreen_Generation = YES;
				INFOPLIST_KEY_UISupportedInterfaceOrientations_iPad = "UIInterfaceOrientationPortrait UIInterfaceOrientationPortraitUpsideDown UIInterfaceOrientationLandscapeLeft UIInterfaceOrientationLandscapeRight";
				INFOPLIST_KEY_UISupportedInterfaceOrientations_iPhone = "UIInterfaceOrientationPortrait UIInterfaceOrientationLandscapeLeft UIInterfaceOrientationLandscapeRight";
				LD_RUNPATH_SEARCH_PATHS = (
					"$(inherited)",
					"@executable_path/Frameworks",
				);
				MARKETING_VERSION = 1.0;
				PRODUCT_BUNDLE_IDENTIFIER = com.lama.TechincalAssmeent;
				PRODUCT_NAME = "$(TARGET_NAME)";
				SWIFT_EMIT_LOC_STRINGS = YES;
				SWIFT_VERSION = 5.0;
				TARGETED_DEVICE_FAMILY = "1,2";
			};
			name = Release;
		};
/* End XCBuildConfiguration section */

/* Begin XCConfigurationList section */
		CE2B55812B8675CA00378167 /* Build configuration list for PBXProject "TechincalAssmeent" */ = {
			isa = XCConfigurationList;
			buildConfigurations = (
				CE2B55972B8675CC00378167 /* Debug */,
				CE2B55982B8675CC00378167 /* Release */,
			);
			defaultConfigurationIsVisible = 0;
			defaultConfigurationName = Release;
		};
		CE2B55992B8675CC00378167 /* Build configuration list for PBXNativeTarget "TechincalAssmeent" */ = {
			isa = XCConfigurationList;
			buildConfigurations = (
				CE2B559A2B8675CC00378167 /* Debug */,
				CE2B559B2B8675CC00378167 /* Release */,
			);
			defaultConfigurationIsVisible = 0;
			defaultConfigurationName = Release;
		};
/* End XCConfigurationList section */

/* Begin XCVersionGroup section */
		CE2B55942B8675CC00378167 /* TechincalAssmeent.xcdatamodeld */ = {
			isa = XCVersionGroup;
			children = (
				CE2B55952B8675CC00378167 /* TechincalAssmeent.xcdatamodel */,
			);
			currentVersion = CE2B55952B8675CC00378167 /* TechincalAssmeent.xcdatamodel */;
			path = TechincalAssmeent.xcdatamodeld;
			sourceTree = "<group>";
			versionGroupType = wrapper.xcdatamodel;
		};
/* End XCVersionGroup section */
	};
	rootObject = CE2B557E2B8675CA00378167 /* Project object */;
}
